{
    "asciidoctor": {
        "com.beust:jcommander": {
            "locked": "1.35",
            "transitive": [
                "org.asciidoctor:asciidoctorj"
            ]
        },
        "org.asciidoctor:asciidoctorj": {
            "locked": "1.5.8.1",
            "transitive": [
                "org.asciidoctor:asciidoctorj-groovy-dsl"
            ]
        },
        "org.asciidoctor:asciidoctorj-groovy-dsl": {
            "locked": "1.0.0.Alpha3"
        },
        "org.codehaus.groovy:groovy": {
            "locked": "2.5.10",
            "transitive": [
                "org.asciidoctor:asciidoctorj-groovy-dsl"
            ]
        },
        "org.jruby:jruby-complete": {
            "locked": "9.1.17.0",
            "transitive": [
                "org.asciidoctor:asciidoctorj"
            ]
        }
    },
    "jacocoAgent": {
        "org.jacoco:org.jacoco.agent": {
            "locked": "0.8.5"
        }
    },
    "jacocoAnt": {
        "org.jacoco:org.jacoco.agent": {
            "locked": "0.8.5",
            "transitive": [
                "org.jacoco:org.jacoco.ant"
            ]
        },
        "org.jacoco:org.jacoco.ant": {
            "locked": "0.8.5"
        },
        "org.jacoco:org.jacoco.core": {
            "locked": "0.8.5",
            "transitive": [
                "org.jacoco:org.jacoco.ant",
                "org.jacoco:org.jacoco.report"
            ]
        },
        "org.jacoco:org.jacoco.report": {
            "locked": "0.8.5",
            "transitive": [
                "org.jacoco:org.jacoco.ant"
            ]
        },
        "org.ow2.asm:asm": {
            "locked": "7.2",
            "transitive": [
                "org.jacoco:org.jacoco.core",
                "org.ow2.asm:asm-commons",
                "org.ow2.asm:asm-tree"
            ]
        },
        "org.ow2.asm:asm-analysis": {
            "locked": "7.2",
            "transitive": [
                "org.ow2.asm:asm-commons"
            ]
        },
        "org.ow2.asm:asm-commons": {
            "locked": "7.2",
            "transitive": [
                "org.jacoco:org.jacoco.core"
            ]
        },
        "org.ow2.asm:asm-tree": {
            "locked": "7.2",
            "transitive": [
                "org.jacoco:org.jacoco.core",
                "org.ow2.asm:asm-analysis",
                "org.ow2.asm:asm-commons"
            ]
        }
    }
}